
Microsoft Visual Studio Solution File, Format Version 12.00
# Visual Studio Version 16
VisualStudioVersion = 16.0.30611.23
MinimumVisualStudioVersion = 10.0.40219.1
Project("{FAE04EC0-301F-11D3-BF4B-00C04F79EFBC}") = "Assignment4Final", "Assignment4Final\Assignment4Final.csproj", "{97C4DB26-594E-4FBB-A546-B951FCE51552}"
EndProject
Global
	GlobalSection(SolutionConfigurationPlatforms) = preSolution
		Debug|Any CPU = Debug|Any CPU
		Release|Any CPU = Release|Any CPU
	EndGlobalSection
	GlobalSection(ProjectConfigurationPlatforms) = postSolution
		{97C4DB26-594E-4FBB-A546-B951FCE51552}.Debug|Any CPU.ActiveCfg = Debug|Any CPU
		{97C4DB26-594E-4FBB-A546-B951FCE51552}.Debug|Any CPU.Build.0 = Debug|Any CPU
		{97C4DB26-594E-4FBB-A546-B951FCE51552}.Release|Any CPU.ActiveCfg = Release|Any CPU
		{97C4DB26-594E-4FBB-A546-B951FCE51552}.Release|Any CPU.Build.0 = Release|Any CPU
	EndGlobalSection
	GlobalSection(SolutionProperties) = preSolution
		HideSolutionNode = FALSE
	EndGlobalSection
	GlobalSection(ExtensibilityGlobals) = postSolution
		SolutionGuid = {CC653285-5F34-42BD-8304-5080FE4B24AF}
	EndGlobalSection
EndGlobal
